
Microsoft Visual Studio Solution File, Format Version 11.00
# Visual Studio 2010
Project("{FAE04EC0-301F-11D3-BF4B-00C04F79EFBC}") = "Unity.XR.Hands.Samples.Gestures", "Unity.XR.Hands.Samples.Gestures.csproj", "{d9ee80a1-2448-99c2-d5fe-161b426ce64e}"
EndProject
Project("{FAE04EC0-301F-11D3-BF4B-00C04F79EFBC}") = "Assembly-CSharp", "Assembly-CSharp.csproj", "{950d3276-0ba9-2428-46a4-677fd44d0442}"
EndProject
Project("{FAE04EC0-301F-11D3-BF4B-00C04F79EFBC}") = "Unity.XR.Interaction.Toolkit.Samples.Hands", "Unity.XR.Interaction.Toolkit.Samples.Hands.csproj", "{bab8ef04-d88b-64ef-e7ab-ff4a45375a9a}"
EndProject
Project("{FAE04EC0-301F-11D3-BF4B-00C04F79EFBC}") = "Unity.XR.Interaction.Toolkit.Samples.StarterAssets", "Unity.XR.Interaction.Toolkit.Samples.StarterAssets.csproj", "{71c03085-29c1-2e02-e81a-1c95b9edc1ef}"
EndProject
Project("{FAE04EC0-301F-11D3-BF4B-00C04F79EFBC}") = "Unity.XR.Hands.Samples.VisualizerSample", "Unity.XR.Hands.Samples.VisualizerSample.csproj", "{9250088a-2718-b3c9-49ad-ff8877db390a}"
EndProject
Project("{FAE04EC0-301F-11D3-BF4B-00C04F79EFBC}") = "Unity.XR.Interaction.Toolkit.Samples.Hands.Editor", "Unity.XR.Interaction.Toolkit.Samples.Hands.Editor.csproj", "{90e47f88-4887-bdc6-08d9-9867be251a08}"
EndProject
Project("{FAE04EC0-301F-11D3-BF4B-00C04F79EFBC}") = "Unity.XR.Interaction.Toolkit.Samples.StarterAssets.Editor", "Unity.XR.Interaction.Toolkit.Samples.StarterAssets.Editor.csproj", "{9362a78f-74fb-83d1-f878-a091cb33647a}"
EndProject
Global
	GlobalSection(SolutionConfigurationPlatforms) = preSolution
		Debug|Any CPU = Debug|Any CPU
	EndGlobalSection
	GlobalSection(ProjectConfigurationPlatforms) = postSolution
		{d9ee80a1-2448-99c2-d5fe-161b426ce64e}.Debug|Any CPU.ActiveCfg = Debug|Any CPU
		{d9ee80a1-2448-99c2-d5fe-161b426ce64e}.Debug|Any CPU.Build.0 = Debug|Any CPU
		{950d3276-0ba9-2428-46a4-677fd44d0442}.Debug|Any CPU.ActiveCfg = Debug|Any CPU
		{950d3276-0ba9-2428-46a4-677fd44d0442}.Debug|Any CPU.Build.0 = Debug|Any CPU
		{bab8ef04-d88b-64ef-e7ab-ff4a45375a9a}.Debug|Any CPU.ActiveCfg = Debug|Any CPU
		{bab8ef04-d88b-64ef-e7ab-ff4a45375a9a}.Debug|Any CPU.Build.0 = Debug|Any CPU
		{71c03085-29c1-2e02-e81a-1c95b9edc1ef}.Debug|Any CPU.ActiveCfg = Debug|Any CPU
		{71c03085-29c1-2e02-e81a-1c95b9edc1ef}.Debug|Any CPU.Build.0 = Debug|Any CPU
		{9250088a-2718-b3c9-49ad-ff8877db390a}.Debug|Any CPU.ActiveCfg = Debug|Any CPU
		{9250088a-2718-b3c9-49ad-ff8877db390a}.Debug|Any CPU.Build.0 = Debug|Any CPU
		{90e47f88-4887-bdc6-08d9-9867be251a08}.Debug|Any CPU.ActiveCfg = Debug|Any CPU
		{90e47f88-4887-bdc6-08d9-9867be251a08}.Debug|Any CPU.Build.0 = Debug|Any CPU
		{9362a78f-74fb-83d1-f878-a091cb33647a}.Debug|Any CPU.ActiveCfg = Debug|Any CPU
		{9362a78f-74fb-83d1-f878-a091cb33647a}.Debug|Any CPU.Build.0 = Debug|Any CPU
	EndGlobalSection
	GlobalSection(SolutionProperties) = preSolution
		HideSolutionNode = FALSE
	EndGlobalSection
EndGlobal
